
Microsoft Visual Studio Solution File, Format Version 12.00
# Visual Studio 2013
VisualStudioVersion = 12.0.21005.1
MinimumVisualStudioVersion = 10.0.40219.1
Project("{8BC9CEB8-8B4A-11D0-8D11-00A0C91BC942}") = "vonglap", "vonglap\vonglap.vcxproj", "{1FCE4A42-479D-44F9-9784-1C639EA614C4}"
EndProject
Project("{8BC9CEB8-8B4A-11D0-8D11-00A0C91BC942}") = "HELLOWORD", "HELLOWORD\HELLOWORD.vcxproj", "{981A8373-FF35-4C1A-A863-B4936C096E6D}"
EndProject
Project("{8BC9CEB8-8B4A-11D0-8D11-00A0C91BC942}") = "Time-Clock", "Time-Clock\Time-Clock.vcxproj", "{6B337CD8-B98C-4283-961F-B6EF1757231C}"
EndProject
Project("{8BC9CEB8-8B4A-11D0-8D11-00A0C91BC942}") = "register", "register\register.vcxproj", "{49EDC60F-0453-4592-BA75-626D6803D32C}"
EndProject
Project("{8BC9CEB8-8B4A-11D0-8D11-00A0C91BC942}") = "Extern- Global", "Extern- Global\Extern- Global.vcxproj", "{BD870E5A-FE12-4049-8B32-ACEF5570E4E2}"
EndProject
Project("{8BC9CEB8-8B4A-11D0-8D11-00A0C91BC942}") = "variable", "variable\variable.vcxproj", "{1114F4DC-9A6E-4288-9120-3786F96A3213}"
EndProject
Project("{8BC9CEB8-8B4A-11D0-8D11-00A0C91BC942}") = "CHAR", "CHAR\CHAR.vcxproj", "{AA9CEDD9-7C22-4F66-B16F-F5BCE067A1B6}"
EndProject
Project("{8BC9CEB8-8B4A-11D0-8D11-00A0C91BC942}") = "Floor-Ceil-Round", "Floor-Ceil-Round\Floor-Ceil-Round.vcxproj", "{595A7C1F-FACA-42BF-A668-10E15BBB0C95}"
EndProject
Project("{8BC9CEB8-8B4A-11D0-8D11-00A0C91BC942}") = "ARRAY", "ARRAY\ARRAY.vcxproj", "{8413C03C-34C1-4F3D-B998-05C0CFEE31D7}"
EndProject
Project("{8BC9CEB8-8B4A-11D0-8D11-00A0C91BC942}") = "MEMCPY-ARRAY", "MEMCPY-ARRAY\MEMCPY-ARRAY.vcxproj", "{6DE1258E-7647-49F2-9C61-1AA61866737D}"
EndProject
Project("{8BC9CEB8-8B4A-11D0-8D11-00A0C91BC942}") = "Sort-acerding4.4", "Sort-acerding4.4\Sort-acerding4.4.vcxproj", "{0AE5AE16-99E4-420E-AFEF-89A5BF713548}"
EndProject
Project("{8BC9CEB8-8B4A-11D0-8D11-00A0C91BC942}") = "Invert-member-array4.5", "Invert-member-array4.5\Invert-member-array4.5.vcxproj", "{7990BF1A-B4CD-48A9-B218-21A1869E32FE}"
EndProject
Project("{8BC9CEB8-8B4A-11D0-8D11-00A0C91BC942}") = "point1", "point\point.vcxproj", "{DED37931-76DC-4997-A413-898DE03A4A7A}"
EndProject
Project("{8BC9CEB8-8B4A-11D0-8D11-00A0C91BC942}") = "Point2", "Point2\Point2.vcxproj", "{A4484DE5-AB88-42D2-96E9-CE51534881E8}"
EndProject
Project("{8BC9CEB8-8B4A-11D0-8D11-00A0C91BC942}") = "Point3", "Point3\Point3.vcxproj", "{6644EA18-6BCB-46B3-987D-D2AE054EC8B6}"
EndProject
Project("{8BC9CEB8-8B4A-11D0-8D11-00A0C91BC942}") = "String1-Clone", "String1\String1.vcxproj", "{C989F27C-7AF2-4FB5-A53A-6B00436EE4C9}"
EndProject
Project("{8BC9CEB8-8B4A-11D0-8D11-00A0C91BC942}") = "ENUM", "ENUM\ENUM.vcxproj", "{00A8ED91-B181-4A7B-B720-B0C770E26779}"
EndProject
Project("{8BC9CEB8-8B4A-11D0-8D11-00A0C91BC942}") = "7.2_ENUM", "7.2_ENUM\7.2_ENUM.vcxproj", "{C243AEEA-BBA4-43C1-A2CC-9AC2FE99860A}"
EndProject
Project("{8BC9CEB8-8B4A-11D0-8D11-00A0C91BC942}") = "7.3UNION", "7.3UNION\7.3UNION.vcxproj", "{585E2B00-7125-4ACD-AD40-D1E6A30F0F67}"
EndProject
Project("{8BC9CEB8-8B4A-11D0-8D11-00A0C91BC942}") = "8.1,8.2,8.3_STRUCT", "STRUCT\STRUCT.vcxproj", "{11E9451E-BDDA-4319-8512-2B465846519C}"
EndProject
Project("{8BC9CEB8-8B4A-11D0-8D11-00A0C91BC942}") = "8.4_Struct-array", "8.4_Struct\8.4_Struct.vcxproj", "{4EDC41E6-D9FF-415A-8B8F-ACEA09ADB591}"
EndProject
Project("{8BC9CEB8-8B4A-11D0-8D11-00A0C91BC942}") = "Function", "Function\Function.vcxproj", "{4B21E31F-BA32-4B17-A335-36982F8686D2}"
EndProject
Project("{8BC9CEB8-8B4A-11D0-8D11-00A0C91BC942}") = "8.4_Struct-point", "8.4_Struct-point\8.4_Struct-point.vcxproj", "{6B48BA5F-5133-4C7E-9D67-1E11971C3CE4}"
EndProject
Project("{8BC9CEB8-8B4A-11D0-8D11-00A0C91BC942}") = "8.5_ linked-list", "8.5_ linked-list\8.5_ linked-list.vcxproj", "{BC575478-86F9-4185-BCB1-3D22ECC78757}"
EndProject
Project("{8BC9CEB8-8B4A-11D0-8D11-00A0C91BC942}") = "9.1_ printf", "9.1_ printf\9.1_ printf.vcxproj", "{EF8CC973-A149-4651-9210-210466484814}"
EndProject
Project("{8BC9CEB8-8B4A-11D0-8D11-00A0C91BC942}") = "9.3,9.4_Bublesort", "9.3_Bublesort\9.3_Bublesort.vcxproj", "{1C09993E-3948-4AE7-BAB2-EA9195BFA76F}"
EndProject
Project("{8BC9CEB8-8B4A-11D0-8D11-00A0C91BC942}") = "10_CLASS", "10.1_CLASS\10.1_CLASS.vcxproj", "{9C3F88B8-565E-4DA6-AF97-C4B1C7E4F2D5}"
EndProject
Project("{8BC9CEB8-8B4A-11D0-8D11-00A0C91BC942}") = "11.1_Template", "11.1_Template\11.1_Template.vcxproj", "{3F602BC7-AF55-4122-9BF2-4F7C2706CE42}"
EndProject
Project("{8BC9CEB8-8B4A-11D0-8D11-00A0C91BC942}") = "11.2,11.3_Node", "11.2_Node\11.2_Node.vcxproj", "{04692268-1B9A-46DE-96B6-7BC54DE107F2}"
EndProject
Project("{8BC9CEB8-8B4A-11D0-8D11-00A0C91BC942}") = "11.4", "11.4\11.4.vcxproj", "{41FDAE1F-2C42-4AD9-B78C-5483B8FDF147}"
EndProject
Project("{8BC9CEB8-8B4A-11D0-8D11-00A0C91BC942}") = "12.1,12.2", "12.1\12.1.vcxproj", "{D7CDDB20-8831-42DD-AF22-EA048E7EC26B}"
EndProject
Project("{8BC9CEB8-8B4A-11D0-8D11-00A0C91BC942}") = "13.1", "13.1\13.1.vcxproj", "{4FC320B3-0C31-4241-9905-2A5565B50EAF}"
EndProject
Global
	GlobalSection(SolutionConfigurationPlatforms) = preSolution
		Debug|Win32 = Debug|Win32
		Release|Win32 = Release|Win32
	EndGlobalSection
	GlobalSection(ProjectConfigurationPlatforms) = postSolution
		{1FCE4A42-479D-44F9-9784-1C639EA614C4}.Debug|Win32.ActiveCfg = Debug|Win32
		{1FCE4A42-479D-44F9-9784-1C639EA614C4}.Debug|Win32.Build.0 = Debug|Win32
		{1FCE4A42-479D-44F9-9784-1C639EA614C4}.Release|Win32.ActiveCfg = Release|Win32
		{1FCE4A42-479D-44F9-9784-1C639EA614C4}.Release|Win32.Build.0 = Release|Win32
		{981A8373-FF35-4C1A-A863-B4936C096E6D}.Debug|Win32.ActiveCfg = Debug|Win32
		{981A8373-FF35-4C1A-A863-B4936C096E6D}.Debug|Win32.Build.0 = Debug|Win32
		{981A8373-FF35-4C1A-A863-B4936C096E6D}.Release|Win32.ActiveCfg = Release|Win32
		{981A8373-FF35-4C1A-A863-B4936C096E6D}.Release|Win32.Build.0 = Release|Win32
		{6B337CD8-B98C-4283-961F-B6EF1757231C}.Debug|Win32.ActiveCfg = Debug|Win32
		{6B337CD8-B98C-4283-961F-B6EF1757231C}.Debug|Win32.Build.0 = Debug|Win32
		{6B337CD8-B98C-4283-961F-B6EF1757231C}.Release|Win32.ActiveCfg = Release|Win32
		{6B337CD8-B98C-4283-961F-B6EF1757231C}.Release|Win32.Build.0 = Release|Win32
		{49EDC60F-0453-4592-BA75-626D6803D32C}.Debug|Win32.ActiveCfg = Debug|Win32
		{49EDC60F-0453-4592-BA75-626D6803D32C}.Debug|Win32.Build.0 = Debug|Win32
		{49EDC60F-0453-4592-BA75-626D6803D32C}.Release|Win32.ActiveCfg = Release|Win32
		{49EDC60F-0453-4592-BA75-626D6803D32C}.Release|Win32.Build.0 = Release|Win32
		{BD870E5A-FE12-4049-8B32-ACEF5570E4E2}.Debug|Win32.ActiveCfg = Debug|Win32
		{BD870E5A-FE12-4049-8B32-ACEF5570E4E2}.Debug|Win32.Build.0 = Debug|Win32
		{BD870E5A-FE12-4049-8B32-ACEF5570E4E2}.Release|Win32.ActiveCfg = Release|Win32
		{BD870E5A-FE12-4049-8B32-ACEF5570E4E2}.Release|Win32.Build.0 = Release|Win32
		{1114F4DC-9A6E-4288-9120-3786F96A3213}.Debug|Win32.ActiveCfg = Debug|Win32
		{1114F4DC-9A6E-4288-9120-3786F96A3213}.Debug|Win32.Build.0 = Debug|Win32
		{1114F4DC-9A6E-4288-9120-3786F96A3213}.Release|Win32.ActiveCfg = Release|Win32
		{1114F4DC-9A6E-4288-9120-3786F96A3213}.Release|Win32.Build.0 = Release|Win32
		{AA9CEDD9-7C22-4F66-B16F-F5BCE067A1B6}.Debug|Win32.ActiveCfg = Debug|Win32
		{AA9CEDD9-7C22-4F66-B16F-F5BCE067A1B6}.Debug|Win32.Build.0 = Debug|Win32
		{AA9CEDD9-7C22-4F66-B16F-F5BCE067A1B6}.Release|Win32.ActiveCfg = Release|Win32
		{AA9CEDD9-7C22-4F66-B16F-F5BCE067A1B6}.Release|Win32.Build.0 = Release|Win32
		{595A7C1F-FACA-42BF-A668-10E15BBB0C95}.Debug|Win32.ActiveCfg = Debug|Win32
		{595A7C1F-FACA-42BF-A668-10E15BBB0C95}.Debug|Win32.Build.0 = Debug|Win32
		{595A7C1F-FACA-42BF-A668-10E15BBB0C95}.Release|Win32.ActiveCfg = Release|Win32
		{595A7C1F-FACA-42BF-A668-10E15BBB0C95}.Release|Win32.Build.0 = Release|Win32
		{8413C03C-34C1-4F3D-B998-05C0CFEE31D7}.Debug|Win32.ActiveCfg = Debug|Win32
		{8413C03C-34C1-4F3D-B998-05C0CFEE31D7}.Debug|Win32.Build.0 = Debug|Win32
		{8413C03C-34C1-4F3D-B998-05C0CFEE31D7}.Release|Win32.ActiveCfg = Release|Win32
		{8413C03C-34C1-4F3D-B998-05C0CFEE31D7}.Release|Win32.Build.0 = Release|Win32
		{6DE1258E-7647-49F2-9C61-1AA61866737D}.Debug|Win32.ActiveCfg = Debug|Win32
		{6DE1258E-7647-49F2-9C61-1AA61866737D}.Debug|Win32.Build.0 = Debug|Win32
		{6DE1258E-7647-49F2-9C61-1AA61866737D}.Release|Win32.ActiveCfg = Release|Win32
		{6DE1258E-7647-49F2-9C61-1AA61866737D}.Release|Win32.Build.0 = Release|Win32
		{0AE5AE16-99E4-420E-AFEF-89A5BF713548}.Debug|Win32.ActiveCfg = Debug|Win32
		{0AE5AE16-99E4-420E-AFEF-89A5BF713548}.Debug|Win32.Build.0 = Debug|Win32
		{0AE5AE16-99E4-420E-AFEF-89A5BF713548}.Release|Win32.ActiveCfg = Release|Win32
		{0AE5AE16-99E4-420E-AFEF-89A5BF713548}.Release|Win32.Build.0 = Release|Win32
		{7990BF1A-B4CD-48A9-B218-21A1869E32FE}.Debug|Win32.ActiveCfg = Debug|Win32
		{7990BF1A-B4CD-48A9-B218-21A1869E32FE}.Debug|Win32.Build.0 = Debug|Win32
		{7990BF1A-B4CD-48A9-B218-21A1869E32FE}.Release|Win32.ActiveCfg = Release|Win32
		{7990BF1A-B4CD-48A9-B218-21A1869E32FE}.Release|Win32.Build.0 = Release|Win32
		{DED37931-76DC-4997-A413-898DE03A4A7A}.Debug|Win32.ActiveCfg = Debug|Win32
		{DED37931-76DC-4997-A413-898DE03A4A7A}.Debug|Win32.Build.0 = Debug|Win32
		{DED37931-76DC-4997-A413-898DE03A4A7A}.Release|Win32.ActiveCfg = Release|Win32
		{DED37931-76DC-4997-A413-898DE03A4A7A}.Release|Win32.Build.0 = Release|Win32
		{A4484DE5-AB88-42D2-96E9-CE51534881E8}.Debug|Win32.ActiveCfg = Debug|Win32
		{A4484DE5-AB88-42D2-96E9-CE51534881E8}.Debug|Win32.Build.0 = Debug|Win32
		{A4484DE5-AB88-42D2-96E9-CE51534881E8}.Release|Win32.ActiveCfg = Release|Win32
		{A4484DE5-AB88-42D2-96E9-CE51534881E8}.Release|Win32.Build.0 = Release|Win32
		{6644EA18-6BCB-46B3-987D-D2AE054EC8B6}.Debug|Win32.ActiveCfg = Debug|Win32
		{6644EA18-6BCB-46B3-987D-D2AE054EC8B6}.Debug|Win32.Build.0 = Debug|Win32
		{6644EA18-6BCB-46B3-987D-D2AE054EC8B6}.Release|Win32.ActiveCfg = Release|Win32
		{6644EA18-6BCB-46B3-987D-D2AE054EC8B6}.Release|Win32.Build.0 = Release|Win32
		{C989F27C-7AF2-4FB5-A53A-6B00436EE4C9}.Debug|Win32.ActiveCfg = Debug|Win32
		{C989F27C-7AF2-4FB5-A53A-6B00436EE4C9}.Debug|Win32.Build.0 = Debug|Win32
		{C989F27C-7AF2-4FB5-A53A-6B00436EE4C9}.Release|Win32.ActiveCfg = Release|Win32
		{C989F27C-7AF2-4FB5-A53A-6B00436EE4C9}.Release|Win32.Build.0 = Release|Win32
		{00A8ED91-B181-4A7B-B720-B0C770E26779}.Debug|Win32.ActiveCfg = Debug|Win32
		{00A8ED91-B181-4A7B-B720-B0C770E26779}.Debug|Win32.Build.0 = Debug|Win32
		{00A8ED91-B181-4A7B-B720-B0C770E26779}.Release|Win32.ActiveCfg = Release|Win32
		{00A8ED91-B181-4A7B-B720-B0C770E26779}.Release|Win32.Build.0 = Release|Win32
		{C243AEEA-BBA4-43C1-A2CC-9AC2FE99860A}.Debug|Win32.ActiveCfg = Debug|Win32
		{C243AEEA-BBA4-43C1-A2CC-9AC2FE99860A}.Debug|Win32.Build.0 = Debug|Win32
		{C243AEEA-BBA4-43C1-A2CC-9AC2FE99860A}.Release|Win32.ActiveCfg = Release|Win32
		{C243AEEA-BBA4-43C1-A2CC-9AC2FE99860A}.Release|Win32.Build.0 = Release|Win32
		{585E2B00-7125-4ACD-AD40-D1E6A30F0F67}.Debug|Win32.ActiveCfg = Debug|Win32
		{585E2B00-7125-4ACD-AD40-D1E6A30F0F67}.Debug|Win32.Build.0 = Debug|Win32
		{585E2B00-7125-4ACD-AD40-D1E6A30F0F67}.Release|Win32.ActiveCfg = Release|Win32
		{585E2B00-7125-4ACD-AD40-D1E6A30F0F67}.Release|Win32.Build.0 = Release|Win32
		{11E9451E-BDDA-4319-8512-2B465846519C}.Debug|Win32.ActiveCfg = Debug|Win32
		{11E9451E-BDDA-4319-8512-2B465846519C}.Debug|Win32.Build.0 = Debug|Win32
		{11E9451E-BDDA-4319-8512-2B465846519C}.Release|Win32.ActiveCfg = Release|Win32
		{11E9451E-BDDA-4319-8512-2B465846519C}.Release|Win32.Build.0 = Release|Win32
		{4EDC41E6-D9FF-415A-8B8F-ACEA09ADB591}.Debug|Win32.ActiveCfg = Debug|Win32
		{4EDC41E6-D9FF-415A-8B8F-ACEA09ADB591}.Debug|Win32.Build.0 = Debug|Win32
		{4EDC41E6-D9FF-415A-8B8F-ACEA09ADB591}.Release|Win32.ActiveCfg = Release|Win32
		{4EDC41E6-D9FF-415A-8B8F-ACEA09ADB591}.Release|Win32.Build.0 = Release|Win32
		{4B21E31F-BA32-4B17-A335-36982F8686D2}.Debug|Win32.ActiveCfg = Debug|Win32
		{4B21E31F-BA32-4B17-A335-36982F8686D2}.Debug|Win32.Build.0 = Debug|Win32
		{4B21E31F-BA32-4B17-A335-36982F8686D2}.Release|Win32.ActiveCfg = Release|Win32
		{4B21E31F-BA32-4B17-A335-36982F8686D2}.Release|Win32.Build.0 = Release|Win32
		{6B48BA5F-5133-4C7E-9D67-1E11971C3CE4}.Debug|Win32.ActiveCfg = Debug|Win32
		{6B48BA5F-5133-4C7E-9D67-1E11971C3CE4}.Debug|Win32.Build.0 = Debug|Win32
		{6B48BA5F-5133-4C7E-9D67-1E11971C3CE4}.Release|Win32.ActiveCfg = Release|Win32
		{6B48BA5F-5133-4C7E-9D67-1E11971C3CE4}.Release|Win32.Build.0 = Release|Win32
		{BC575478-86F9-4185-BCB1-3D22ECC78757}.Debug|Win32.ActiveCfg = Debug|Win32
		{BC575478-86F9-4185-BCB1-3D22ECC78757}.Debug|Win32.Build.0 = Debug|Win32
		{BC575478-86F9-4185-BCB1-3D22ECC78757}.Release|Win32.ActiveCfg = Release|Win32
		{BC575478-86F9-4185-BCB1-3D22ECC78757}.Release|Win32.Build.0 = Release|Win32
		{EF8CC973-A149-4651-9210-210466484814}.Debug|Win32.ActiveCfg = Debug|Win32
		{EF8CC973-A149-4651-9210-210466484814}.Debug|Win32.Build.0 = Debug|Win32
		{EF8CC973-A149-4651-9210-210466484814}.Release|Win32.ActiveCfg = Release|Win32
		{EF8CC973-A149-4651-9210-210466484814}.Release|Win32.Build.0 = Release|Win32
		{1C09993E-3948-4AE7-BAB2-EA9195BFA76F}.Debug|Win32.ActiveCfg = Debug|Win32
		{1C09993E-3948-4AE7-BAB2-EA9195BFA76F}.Debug|Win32.Build.0 = Debug|Win32
		{1C09993E-3948-4AE7-BAB2-EA9195BFA76F}.Release|Win32.ActiveCfg = Release|Win32
		{1C09993E-3948-4AE7-BAB2-EA9195BFA76F}.Release|Win32.Build.0 = Release|Win32
		{9C3F88B8-565E-4DA6-AF97-C4B1C7E4F2D5}.Debug|Win32.ActiveCfg = Debug|Win32
		{9C3F88B8-565E-4DA6-AF97-C4B1C7E4F2D5}.Debug|Win32.Build.0 = Debug|Win32
		{9C3F88B8-565E-4DA6-AF97-C4B1C7E4F2D5}.Release|Win32.ActiveCfg = Release|Win32
		{9C3F88B8-565E-4DA6-AF97-C4B1C7E4F2D5}.Release|Win32.Build.0 = Release|Win32
		{3F602BC7-AF55-4122-9BF2-4F7C2706CE42}.Debug|Win32.ActiveCfg = Debug|Win32
		{3F602BC7-AF55-4122-9BF2-4F7C2706CE42}.Debug|Win32.Build.0 = Debug|Win32
		{3F602BC7-AF55-4122-9BF2-4F7C2706CE42}.Release|Win32.ActiveCfg = Release|Win32
		{3F602BC7-AF55-4122-9BF2-4F7C2706CE42}.Release|Win32.Build.0 = Release|Win32
		{04692268-1B9A-46DE-96B6-7BC54DE107F2}.Debug|Win32.ActiveCfg = Debug|Win32
		{04692268-1B9A-46DE-96B6-7BC54DE107F2}.Debug|Win32.Build.0 = Debug|Win32
		{04692268-1B9A-46DE-96B6-7BC54DE107F2}.Release|Win32.ActiveCfg = Release|Win32
		{04692268-1B9A-46DE-96B6-7BC54DE107F2}.Release|Win32.Build.0 = Release|Win32
		{41FDAE1F-2C42-4AD9-B78C-5483B8FDF147}.Debug|Win32.ActiveCfg = Debug|Win32
		{41FDAE1F-2C42-4AD9-B78C-5483B8FDF147}.Debug|Win32.Build.0 = Debug|Win32
		{41FDAE1F-2C42-4AD9-B78C-5483B8FDF147}.Release|Win32.ActiveCfg = Release|Win32
		{41FDAE1F-2C42-4AD9-B78C-5483B8FDF147}.Release|Win32.Build.0 = Release|Win32
		{D7CDDB20-8831-42DD-AF22-EA048E7EC26B}.Debug|Win32.ActiveCfg = Debug|Win32
		{D7CDDB20-8831-42DD-AF22-EA048E7EC26B}.Debug|Win32.Build.0 = Debug|Win32
		{D7CDDB20-8831-42DD-AF22-EA048E7EC26B}.Release|Win32.ActiveCfg = Release|Win32
		{D7CDDB20-8831-42DD-AF22-EA048E7EC26B}.Release|Win32.Build.0 = Release|Win32
		{4FC320B3-0C31-4241-9905-2A5565B50EAF}.Debug|Win32.ActiveCfg = Debug|Win32
		{4FC320B3-0C31-4241-9905-2A5565B50EAF}.Debug|Win32.Build.0 = Debug|Win32
		{4FC320B3-0C31-4241-9905-2A5565B50EAF}.Release|Win32.ActiveCfg = Release|Win32
		{4FC320B3-0C31-4241-9905-2A5565B50EAF}.Release|Win32.Build.0 = Release|Win32
	EndGlobalSection
	GlobalSection(SolutionProperties) = preSolution
		HideSolutionNode = FALSE
	EndGlobalSection
EndGlobal
